
Microsoft Visual Studio Solution File, Format Version 12.00
# Visual Studio Version 16
VisualStudioVersion = 16.0.30204.135
MinimumVisualStudioVersion = 10.0.40219.1
Project("{2150E333-8FDC-42A3-9474-1A3956D46DE8}") = "Services", "Services", "{CAA20858-72F6-451A-84BD-B0896834C10D}"
EndProject
Project("{2150E333-8FDC-42A3-9474-1A3956D46DE8}") = "WebApps", "WebApps", "{543D8D84-5A13-4875-8BA5-829DEEE370B1}"
EndProject
Project("{2150E333-8FDC-42A3-9474-1A3956D46DE8}") = "Cadastro", "Cadastro", "{5A57420F-3B66-4566-9589-4EE86D0FE83D}"
EndProject
Project("{2150E333-8FDC-42A3-9474-1A3956D46DE8}") = "Catalogo", "Catalogo", "{4BDBE5EC-197C-4652-B0E9-A87C6B2C5CEC}"
EndProject
Project("{2150E333-8FDC-42A3-9474-1A3956D46DE8}") = "Core", "Core", "{9D26F510-5332-4352-8D8B-40CAAC2AF8B3}"
EndProject
Project("{2150E333-8FDC-42A3-9474-1A3956D46DE8}") = "Pagamento", "Pagamento", "{B88D2FC0-8391-4D81-B194-C56268F4CA30}"
EndProject
Project("{2150E333-8FDC-42A3-9474-1A3956D46DE8}") = "Venda", "Venda", "{3462588A-C24C-4E76-8143-4D86917F95A9}"
EndProject
Project("{9A19103F-16F7-4668-BE54-9A1E7A4F7556}") = "NerdStore.Catalogo.Domain", "src\NerdStore.Catalogo.Domain\NerdStore.Catalogo.Domain.csproj", "{0411F27B-5FF0-4D24-864A-AEF7EE2905E3}"
EndProject
Project("{9A19103F-16F7-4668-BE54-9A1E7A4F7556}") = "NerdStore.Core", "src\NerdStore.Core\NerdStore.Core.csproj", "{0F139651-53D7-4C6E-B137-AC20B51AAC69}"
EndProject
Project("{2150E333-8FDC-42A3-9474-1A3956D46DE8}") = "Tests", "Tests", "{8165039E-53F2-4262-BA5F-E1C61FC31B7E}"
EndProject
Project("{9A19103F-16F7-4668-BE54-9A1E7A4F7556}") = "NerdStore.Catalogo.Domain.Tests", "tests\NerdStore.Catalogo.Domain.Tests\NerdStore.Catalogo.Domain.Tests.csproj", "{2D8AF150-792B-464C-BF41-30F173A88598}"
EndProject
Project("{9A19103F-16F7-4668-BE54-9A1E7A4F7556}") = "NerdStore.Catalogo.Data", "src\NerdStore.Catalogo.Data\NerdStore.Catalogo.Data.csproj", "{2164FF5D-19C9-4592-BB7C-AD453D1C61E5}"
EndProject
Project("{9A19103F-16F7-4668-BE54-9A1E7A4F7556}") = "NerdStore.Catalogo.Application", "src\NerdStore.Catalogo.Application\NerdStore.Catalogo.Application.csproj", "{45CEE67C-00B8-4FE2-B8BF-D5B42674A77C}"
EndProject
Project("{FAE04EC0-301F-11D3-BF4B-00C04F79EFBC}") = "NerdStore.WebApp.MVC", "src\NerdStore.WebApp.MVC\NerdStore.WebApp.MVC.csproj", "{DDF86502-6495-458C-8F53-300DF7EE056F}"
EndProject
Global
	GlobalSection(SolutionConfigurationPlatforms) = preSolution
		Debug|Any CPU = Debug|Any CPU
		Release|Any CPU = Release|Any CPU
	EndGlobalSection
	GlobalSection(ProjectConfigurationPlatforms) = postSolution
		{0411F27B-5FF0-4D24-864A-AEF7EE2905E3}.Debug|Any CPU.ActiveCfg = Debug|Any CPU
		{0411F27B-5FF0-4D24-864A-AEF7EE2905E3}.Debug|Any CPU.Build.0 = Debug|Any CPU
		{0411F27B-5FF0-4D24-864A-AEF7EE2905E3}.Release|Any CPU.ActiveCfg = Release|Any CPU
		{0411F27B-5FF0-4D24-864A-AEF7EE2905E3}.Release|Any CPU.Build.0 = Release|Any CPU
		{0F139651-53D7-4C6E-B137-AC20B51AAC69}.Debug|Any CPU.ActiveCfg = Debug|Any CPU
		{0F139651-53D7-4C6E-B137-AC20B51AAC69}.Debug|Any CPU.Build.0 = Debug|Any CPU
		{0F139651-53D7-4C6E-B137-AC20B51AAC69}.Release|Any CPU.ActiveCfg = Release|Any CPU
		{0F139651-53D7-4C6E-B137-AC20B51AAC69}.Release|Any CPU.Build.0 = Release|Any CPU
		{2D8AF150-792B-464C-BF41-30F173A88598}.Debug|Any CPU.ActiveCfg = Debug|Any CPU
		{2D8AF150-792B-464C-BF41-30F173A88598}.Debug|Any CPU.Build.0 = Debug|Any CPU
		{2D8AF150-792B-464C-BF41-30F173A88598}.Release|Any CPU.ActiveCfg = Release|Any CPU
		{2D8AF150-792B-464C-BF41-30F173A88598}.Release|Any CPU.Build.0 = Release|Any CPU
		{2164FF5D-19C9-4592-BB7C-AD453D1C61E5}.Debug|Any CPU.ActiveCfg = Debug|Any CPU
		{2164FF5D-19C9-4592-BB7C-AD453D1C61E5}.Debug|Any CPU.Build.0 = Debug|Any CPU
		{2164FF5D-19C9-4592-BB7C-AD453D1C61E5}.Release|Any CPU.ActiveCfg = Release|Any CPU
		{2164FF5D-19C9-4592-BB7C-AD453D1C61E5}.Release|Any CPU.Build.0 = Release|Any CPU
		{45CEE67C-00B8-4FE2-B8BF-D5B42674A77C}.Debug|Any CPU.ActiveCfg = Debug|Any CPU
		{45CEE67C-00B8-4FE2-B8BF-D5B42674A77C}.Debug|Any CPU.Build.0 = Debug|Any CPU
		{45CEE67C-00B8-4FE2-B8BF-D5B42674A77C}.Release|Any CPU.ActiveCfg = Release|Any CPU
		{45CEE67C-00B8-4FE2-B8BF-D5B42674A77C}.Release|Any CPU.Build.0 = Release|Any CPU
		{DDF86502-6495-458C-8F53-300DF7EE056F}.Debug|Any CPU.ActiveCfg = Debug|Any CPU
		{DDF86502-6495-458C-8F53-300DF7EE056F}.Debug|Any CPU.Build.0 = Debug|Any CPU
		{DDF86502-6495-458C-8F53-300DF7EE056F}.Release|Any CPU.ActiveCfg = Release|Any CPU
		{DDF86502-6495-458C-8F53-300DF7EE056F}.Release|Any CPU.Build.0 = Release|Any CPU
	EndGlobalSection
	GlobalSection(SolutionProperties) = preSolution
		HideSolutionNode = FALSE
	EndGlobalSection
	GlobalSection(NestedProjects) = preSolution
		{5A57420F-3B66-4566-9589-4EE86D0FE83D} = {CAA20858-72F6-451A-84BD-B0896834C10D}
		{4BDBE5EC-197C-4652-B0E9-A87C6B2C5CEC} = {CAA20858-72F6-451A-84BD-B0896834C10D}
		{9D26F510-5332-4352-8D8B-40CAAC2AF8B3} = {CAA20858-72F6-451A-84BD-B0896834C10D}
		{B88D2FC0-8391-4D81-B194-C56268F4CA30} = {CAA20858-72F6-451A-84BD-B0896834C10D}
		{3462588A-C24C-4E76-8143-4D86917F95A9} = {CAA20858-72F6-451A-84BD-B0896834C10D}
		{0411F27B-5FF0-4D24-864A-AEF7EE2905E3} = {4BDBE5EC-197C-4652-B0E9-A87C6B2C5CEC}
		{0F139651-53D7-4C6E-B137-AC20B51AAC69} = {9D26F510-5332-4352-8D8B-40CAAC2AF8B3}
		{8165039E-53F2-4262-BA5F-E1C61FC31B7E} = {4BDBE5EC-197C-4652-B0E9-A87C6B2C5CEC}
		{2D8AF150-792B-464C-BF41-30F173A88598} = {8165039E-53F2-4262-BA5F-E1C61FC31B7E}
		{2164FF5D-19C9-4592-BB7C-AD453D1C61E5} = {4BDBE5EC-197C-4652-B0E9-A87C6B2C5CEC}
		{45CEE67C-00B8-4FE2-B8BF-D5B42674A77C} = {4BDBE5EC-197C-4652-B0E9-A87C6B2C5CEC}
		{DDF86502-6495-458C-8F53-300DF7EE056F} = {543D8D84-5A13-4875-8BA5-829DEEE370B1}
	EndGlobalSection
	GlobalSection(ExtensibilityGlobals) = postSolution
		SolutionGuid = {740DE1CA-5D26-42FC-896E-33B158E18634}
	EndGlobalSection
EndGlobal
